
Microsoft Visual Studio Solution File, Format Version 12.00
# Visual Studio Version 16
VisualStudioVersion = 16.0.29418.71
MinimumVisualStudioVersion = 10.0.40219.1
Project("{FAE04EC0-301F-11D3-BF4B-00C04F79EFBC}") = "Gasstation", "Gasstation\Gasstation.csproj", "{F6BF3059-130F-4E15-A0BD-4374EC47AABB}"
EndProject
Project("{FAE04EC0-301F-11D3-BF4B-00C04F79EFBC}") = "Unit Tests", "Unit Tests\Unit Tests.csproj", "{61594DC8-6853-4F64-A1AF-F09655CF4446}"
EndProject
Global
	GlobalSection(SolutionConfigurationPlatforms) = preSolution
		Debug|Any CPU = Debug|Any CPU
		Release|Any CPU = Release|Any CPU
	EndGlobalSection
	GlobalSection(ProjectConfigurationPlatforms) = postSolution
		{F6BF3059-130F-4E15-A0BD-4374EC47AABB}.Debug|Any CPU.ActiveCfg = Debug|Any CPU
		{F6BF3059-130F-4E15-A0BD-4374EC47AABB}.Debug|Any CPU.Build.0 = Debug|Any CPU
		{F6BF3059-130F-4E15-A0BD-4374EC47AABB}.Release|Any CPU.ActiveCfg = Release|Any CPU
		{F6BF3059-130F-4E15-A0BD-4374EC47AABB}.Release|Any CPU.Build.0 = Release|Any CPU
		{61594DC8-6853-4F64-A1AF-F09655CF4446}.Debug|Any CPU.ActiveCfg = Debug|Any CPU
		{61594DC8-6853-4F64-A1AF-F09655CF4446}.Debug|Any CPU.Build.0 = Debug|Any CPU
		{61594DC8-6853-4F64-A1AF-F09655CF4446}.Release|Any CPU.ActiveCfg = Release|Any CPU
		{61594DC8-6853-4F64-A1AF-F09655CF4446}.Release|Any CPU.Build.0 = Release|Any CPU
	EndGlobalSection
	GlobalSection(SolutionProperties) = preSolution
		HideSolutionNode = FALSE
	EndGlobalSection
	GlobalSection(ExtensibilityGlobals) = postSolution
		SolutionGuid = {374B7968-8025-4A17-963F-8674C90ECED4}
	EndGlobalSection
EndGlobal
